
Microsoft Visual Studio Solution File, Format Version 12.00
# Visual Studio 2013
VisualStudioVersion = 12.0.21005.1
MinimumVisualStudioVersion = 10.0.40219.1
Project("{8D9C8A9D-5DED-4B64-BF65-B598BA549D93}") = "TrainingManagerApp", "TrainingManagerApp\TrainingManagerApp.lsxproj", "{4A6CBB55-7BCD-497E-B57E-89BCC3E7C2CE}"
EndProject
Project("{FAE04EC0-301F-11D3-BF4B-00C04F79EFBC}") = "TrainingManagerApp.Server", "TrainingManagerApp\TrainingManagerApp.Server\TrainingManagerApp.Server.csproj", "{242E70DF-B528-4611-B9EF-D5C648DF2B4C}"
EndProject
Project("{262852C6-CD72-467D-83FE-5EEB1973A190}") = "TrainingManagerApp.HTMLClient", "TrainingManagerApp\TrainingManagerApp.HTMLClient\TrainingManagerApp.HTMLClient.jsproj", "{72EF5D2F-00EE-401D-9249-5683E052094C}"
EndProject
Project("{FAE04EC0-301F-11D3-BF4B-00C04F79EFBC}") = "TrainingManagerApp.DesktopClient", "TrainingManagerApp\TrainingManagerApp.DesktopClient\TrainingManagerApp.DesktopClient.csproj", "{A7EBF836-E1BF-4E31-B369-C16DCFF347B2}"
EndProject
Global
	GlobalSection(SolutionConfigurationPlatforms) = preSolution
		Debug|Any CPU = Debug|Any CPU
		Release|Any CPU = Release|Any CPU
	EndGlobalSection
	GlobalSection(ProjectConfigurationPlatforms) = postSolution
		{4A6CBB55-7BCD-497E-B57E-89BCC3E7C2CE}.Debug|Any CPU.ActiveCfg = Debug|Any CPU
		{4A6CBB55-7BCD-497E-B57E-89BCC3E7C2CE}.Debug|Any CPU.Build.0 = Debug|Any CPU
		{4A6CBB55-7BCD-497E-B57E-89BCC3E7C2CE}.Release|Any CPU.ActiveCfg = Release|Any CPU
		{4A6CBB55-7BCD-497E-B57E-89BCC3E7C2CE}.Release|Any CPU.Build.0 = Release|Any CPU
		{242E70DF-B528-4611-B9EF-D5C648DF2B4C}.Debug|Any CPU.ActiveCfg = Debug|Any CPU
		{242E70DF-B528-4611-B9EF-D5C648DF2B4C}.Debug|Any CPU.Build.0 = Debug|Any CPU
		{242E70DF-B528-4611-B9EF-D5C648DF2B4C}.Release|Any CPU.ActiveCfg = Release|Any CPU
		{242E70DF-B528-4611-B9EF-D5C648DF2B4C}.Release|Any CPU.Build.0 = Release|Any CPU
		{72EF5D2F-00EE-401D-9249-5683E052094C}.Debug|Any CPU.ActiveCfg = Debug|Any CPU
		{72EF5D2F-00EE-401D-9249-5683E052094C}.Debug|Any CPU.Build.0 = Debug|Any CPU
		{72EF5D2F-00EE-401D-9249-5683E052094C}.Release|Any CPU.ActiveCfg = Release|Any CPU
		{72EF5D2F-00EE-401D-9249-5683E052094C}.Release|Any CPU.Build.0 = Release|Any CPU
		{A7EBF836-E1BF-4E31-B369-C16DCFF347B2}.Debug|Any CPU.ActiveCfg = Debug|Any CPU
		{A7EBF836-E1BF-4E31-B369-C16DCFF347B2}.Debug|Any CPU.Build.0 = Debug|Any CPU
		{A7EBF836-E1BF-4E31-B369-C16DCFF347B2}.Release|Any CPU.ActiveCfg = Release|Any CPU
		{A7EBF836-E1BF-4E31-B369-C16DCFF347B2}.Release|Any CPU.Build.0 = Release|Any CPU
	EndGlobalSection
	GlobalSection(SolutionProperties) = preSolution
		HideSolutionNode = FALSE
	EndGlobalSection
EndGlobal
